
Microsoft Visual Studio Solution File, Format Version 12.00
# Visual Studio Version 17
VisualStudioVersion = 17.0.31919.166
MinimumVisualStudioVersion = 10.0.40219.1
Project("{FAE04EC0-301F-11D3-BF4B-00C04F79EFBC}") = "TireControl.Domain", "TireControl.Domain\TireControl.Domain.csproj", "{A7C8D498-673B-42B3-AE4A-729A6EB2B9C1}"
EndProject
Global
	GlobalSection(SolutionConfigurationPlatforms) = preSolution
		Debug|Any CPU = Debug|Any CPU
		Release|Any CPU = Release|Any CPU
	EndGlobalSection
	GlobalSection(ProjectConfigurationPlatforms) = postSolution
		{A7C8D498-673B-42B3-AE4A-729A6EB2B9C1}.Debug|Any CPU.ActiveCfg = Debug|Any CPU
		{A7C8D498-673B-42B3-AE4A-729A6EB2B9C1}.Debug|Any CPU.Build.0 = Debug|Any CPU
		{A7C8D498-673B-42B3-AE4A-729A6EB2B9C1}.Release|Any CPU.ActiveCfg = Release|Any CPU
		{A7C8D498-673B-42B3-AE4A-729A6EB2B9C1}.Release|Any CPU.Build.0 = Release|Any CPU
	EndGlobalSection
EndGlobal
