Microsoft Visual Studio Solution File, Format Version 12.00
# Visual Studio Version 18
VisualStudioVersion = 18.8.12023.21
MinimumVisualStudioVersion = 10.0.40219.1
Project("{FAE04EC0-301F-11D3-BF4B-00C04F79EFBC}") = "TireControl.Domain", "TireControl.Domain\TireControl.Domain.csproj", "{A7C8D498-673B-42B3-AE4A-729A6EB2B9C1}"
EndProject
Project("{FAE04EC0-301F-11D3-BF4B-00C04F79EFBC}") = "TireControl.Application", "TireControl.Application\TireControl.Application.csproj", "{4DC96832-0EE5-11D6-0981-F9375EA02001}"
EndProject
Project("{FAE04EC0-301F-11D3-BF4B-00C04F79EFBC}") = "TireControl.Infrastructure", "TireControl.Infrastructure\TireControl.Infrastructure.csproj", "{687B2845-AEC6-2649-FF62-9A778CB38D59}"
EndProject
Project("{FAE04EC0-301F-11D3-BF4B-00C04F79EFBC}") = "TireControl.Shared", "TireControl.Shared\TireControl.Shared.csproj", "{BECA6CE0-6EBA-142C-182C-7BF49E298AF3}"
EndProject
Project("{FAE04EC0-301F-11D3-BF4B-00C04F79EFBC}") = "TireControl.Web", "TireControl.Web\TireControl.Web.csproj", "{F364F600-690A-9920-ABC7-0289AC2E7417}"
EndProject
Project("{FAE04EC0-301F-11D3-BF4B-00C04F79EFBC}") = "TireControl.Mobile", "TireControl.Mobile\TireControl.Mobile.csproj", "{E1D0F4A5-FCD4-48B7-8903-8A60B1E496CD}"
EndProject
Project("{FAE04EC0-301F-11D3-BF4B-00C04F79EFBC}") = "TireControl.Api", "TireControl.Api\TireControl.Api.csproj", "{167A8EA6-56F4-4BF1-B548-0F4073B2D57A}"
EndProject
Project("{FAE04EC0-301F-11D3-BF4B-00C04F79EFBC}") = "TireControl.Api.Tests", "TireControl.Api.Tests\TireControl.Api.Tests.csproj", "{D3613B14-84E7-47FE-BEBD-3487A6D74879}"
EndProject
Project("{2150E333-8FDC-42A3-9474-1A3956D46DE8}") = ".github", ".github", "{85CF21E8-E687-4CCD-9AE1-A22FE4B0A650}"
EndProject
Project("{2150E333-8FDC-42A3-9474-1A3956D46DE8}") = "workflows", "workflows", "{BC00F280-AA95-433C-B662-8C3484D41517}"
	ProjectSection(SolutionItems) = preProject
		cd.yml = cd.yml
		ci.yml = ci.yml
		.github\workflows\ef-migration.yml = .github\workflows\ef-migration.yml
	EndProjectSection
EndProject
Global
	GlobalSection(SolutionConfigurationPlatforms) = preSolution
		Debug|Any CPU = Debug|Any CPU
		Release|Any CPU = Release|Any CPU
	EndGlobalSection
	GlobalSection(ProjectConfigurationPlatforms) = postSolution
		{A7C8D498-673B-42B3-AE4A-729A6EB2B9C1}.Debug|Any CPU.ActiveCfg = Debug|Any CPU
		{A7C8D498-673B-42B3-AE4A-729A6EB2B9C1}.Debug|Any CPU.Build.0 = Debug|Any CPU
		{A7C8D498-673B-42B3-AE4A-729A6EB2B9C1}.Release|Any CPU.ActiveCfg = Release|Any CPU
		{A7C8D498-673B-42B3-AE4A-729A6EB2B9C1}.Release|Any CPU.Build.0 = Release|Any CPU
		{4DC96832-0EE5-11D6-0981-F9375EA02001}.Debug|Any CPU.ActiveCfg = Debug|Any CPU
		{4DC96832-0EE5-11D6-0981-F9375EA02001}.Debug|Any CPU.Build.0 = Debug|Any CPU
		{4DC96832-0EE5-11D6-0981-F9375EA02001}.Release|Any CPU.ActiveCfg = Release|Any CPU
		{4DC96832-0EE5-11D6-0981-F9375EA02001}.Release|Any CPU.Build.0 = Release|Any CPU
		{687B2845-AEC6-2649-FF62-9A778CB38D59}.Debug|Any CPU.ActiveCfg = Debug|Any CPU
		{687B2845-AEC6-2649-FF62-9A778CB38D59}.Debug|Any CPU.Build.0 = Debug|Any CPU
		{687B2845-AEC6-2649-FF62-9A778CB38D59}.Release|Any CPU.ActiveCfg = Release|Any CPU
		{687B2845-AEC6-2649-FF62-9A778CB38D59}.Release|Any CPU.Build.0 = Release|Any CPU
		{BECA6CE0-6EBA-142C-182C-7BF49E298AF3}.Debug|Any CPU.ActiveCfg = Debug|Any CPU
		{BECA6CE0-6EBA-142C-182C-7BF49E298AF3}.Debug|Any CPU.Build.0 = Debug|Any CPU
		{BECA6CE0-6EBA-142C-182C-7BF49E298AF3}.Release|Any CPU.ActiveCfg = Release|Any CPU
		{BECA6CE0-6EBA-142C-182C-7BF49E298AF3}.Release|Any CPU.Build.0 = Release|Any CPU
		{F364F600-690A-9920-ABC7-0289AC2E7417}.Debug|Any CPU.ActiveCfg = Debug|Any CPU
		{F364F600-690A-9920-ABC7-0289AC2E7417}.Debug|Any CPU.Build.0 = Debug|Any CPU
		{F364F600-690A-9920-ABC7-0289AC2E7417}.Release|Any CPU.ActiveCfg = Release|Any CPU
		{F364F600-690A-9920-ABC7-0289AC2E7417}.Release|Any CPU.Build.0 = Release|Any CPU
		{E1D0F4A5-FCD4-48B7-8903-8A60B1E496CD}.Debug|Any CPU.ActiveCfg = Debug|Any CPU
		{E1D0F4A5-FCD4-48B7-8903-8A60B1E496CD}.Debug|Any CPU.Build.0 = Debug|Any CPU
		{E1D0F4A5-FCD4-48B7-8903-8A60B1E496CD}.Release|Any CPU.ActiveCfg = Release|Any CPU
		{E1D0F4A5-FCD4-48B7-8903-8A60B1E496CD}.Release|Any CPU.Build.0 = Release|Any CPU
		{167A8EA6-56F4-4BF1-B548-0F4073B2D57A}.Debug|Any CPU.ActiveCfg = Debug|Any CPU
		{167A8EA6-56F4-4BF1-B548-0F4073B2D57A}.Debug|Any CPU.Build.0 = Debug|Any CPU
		{167A8EA6-56F4-4BF1-B548-0F4073B2D57A}.Release|Any CPU.ActiveCfg = Release|Any CPU
		{167A8EA6-56F4-4BF1-B548-0F4073B2D57A}.Release|Any CPU.Build.0 = Release|Any CPU
		{D3613B14-84E7-47FE-BEBD-3487A6D74879}.Debug|Any CPU.ActiveCfg = Debug|Any CPU
		{D3613B14-84E7-47FE-BEBD-3487A6D74879}.Debug|Any CPU.Build.0 = Debug|Any CPU
		{D3613B14-84E7-47FE-BEBD-3487A6D74879}.Release|Any CPU.ActiveCfg = Release|Any CPU
		{D3613B14-84E7-47FE-BEBD-3487A6D74879}.Release|Any CPU.Build.0 = Release|Any CPU
	EndGlobalSection
	GlobalSection(SolutionProperties) = preSolution
		HideSolutionNode = FALSE
	EndGlobalSection
	GlobalSection(NestedProjects) = preSolution
		{BC00F280-AA95-433C-B662-8C3484D41517} = {85CF21E8-E687-4CCD-9AE1-A22FE4B0A650}
	EndGlobalSection
	GlobalSection(ExtensibilityGlobals) = postSolution
		SolutionGuid = {26788A4A-9642-4BD1-A640-E0130B89F2B9}
	EndGlobalSection
EndGlobal
